
Microsoft Visual Studio Solution File, Format Version 12.00
# Visual Studio Version 17
VisualStudioVersion = 17.0.31903.59
MinimumVisualStudioVersion = 10.0.40219.1
Project("{2150E333-8FDC-42A3-9474-1A3956D46DE8}") = "src", "src", "{6A97A74C-62A5-409A-8FAB-423B908A514B}"
EndProject
Project("{FAE04EC0-301F-11D3-BF4B-00C04F79EFBC}") = "Client.App.Win", "src\Client.App.Win\Client.App.Win.csproj", "{1CCD1B5F-DB22-4C90-B5AE-B42164BE44E3}"
EndProject
Project("{FAE04EC0-301F-11D3-BF4B-00C04F79EFBC}") = "Client.Core", "src\Client.Core\Client.Core.csproj", "{64ECB659-7517-44ED-9988-1E6A70BD4336}"
EndProject
Project("{FAE04EC0-301F-11D3-BF4B-00C04F79EFBC}") = "Client.Profiles", "src\Client.Profiles\Client.Profiles.csproj", "{FB7AC65C-3212-48F6-A6B1-4FEE0CC40829}"
EndProject
Project("{FAE04EC0-301F-11D3-BF4B-00C04F79EFBC}") = "Client.Routing", "src\Client.Routing\Client.Routing.csproj", "{32470F55-A66B-49BF-8D9C-F045CD87AECA}"
EndProject
Project("{FAE04EC0-301F-11D3-BF4B-00C04F79EFBC}") = "Client.Transport.Xray", "src\Client.Transport.Xray\Client.Transport.Xray.csproj", "{E76C6739-1DB5-460E-B9FF-F86EDEB36F2A}"
EndProject
Project("{FAE04EC0-301F-11D3-BF4B-00C04F79EFBC}") = "Client.Storage", "src\Client.Storage\Client.Storage.csproj", "{D5273664-56AF-4751-A7FF-A8E49526648A}"
EndProject
Project("{FAE04EC0-301F-11D3-BF4B-00C04F79EFBC}") = "Client.Updater", "src\Client.Updater\Client.Updater.csproj", "{B6DE476D-5A61-406E-9F08-91710DE76EB9}"
EndProject
Project("{FAE04EC0-301F-11D3-BF4B-00C04F79EFBC}") = "Client.Telemetry", "src\Client.Telemetry\Client.Telemetry.csproj", "{0CC1948C-0340-4AB4-A69B-677D5CC3075C}"
EndProject
Project("{2150E333-8FDC-42A3-9474-1A3956D46DE8}") = "tests", "tests", "{2A6E22C6-94DA-4554-9C3A-32B4370A4648}"
EndProject
Project("{FAE04EC0-301F-11D3-BF4B-00C04F79EFBC}") = "Client.Tests", "tests\Client.Tests\Client.Tests.csproj", "{A88CEBAB-1A2B-45E0-9D76-F3C7CC1378F9}"
EndProject
Project("{FAE04EC0-301F-11D3-BF4B-00C04F79EFBC}") = "Client.Platform.Windows", "src\Client.Platform.Windows\Client.Platform.Windows.csproj", "{E73A2DC3-40CD-4CA4-A7F7-2B8A20BD6CAC}"
EndProject
Project("{2150E333-8FDC-42A3-9474-1A3956D46DE8}") = "tools", "tools", "{1134A9D6-4D94-4CB5-9B1C-A51E5FC87AE3}"
EndProject
Project("{FAE04EC0-301F-11D3-BF4B-00C04F79EFBC}") = "Client.Smoke", "tools\Client.Smoke\Client.Smoke.csproj", "{AC02CF0F-2DEB-4136-9C4F-94B3EDA7DA8C}"
EndProject
Global
	GlobalSection(SolutionConfigurationPlatforms) = preSolution
		Debug|Any CPU = Debug|Any CPU
		Release|Any CPU = Release|Any CPU
	EndGlobalSection
	GlobalSection(SolutionProperties) = preSolution
		HideSolutionNode = FALSE
	EndGlobalSection
	GlobalSection(ProjectConfigurationPlatforms) = postSolution
		{1CCD1B5F-DB22-4C90-B5AE-B42164BE44E3}.Debug|Any CPU.ActiveCfg = Debug|Any CPU
		{1CCD1B5F-DB22-4C90-B5AE-B42164BE44E3}.Debug|Any CPU.Build.0 = Debug|Any CPU
		{1CCD1B5F-DB22-4C90-B5AE-B42164BE44E3}.Release|Any CPU.ActiveCfg = Release|Any CPU
		{1CCD1B5F-DB22-4C90-B5AE-B42164BE44E3}.Release|Any CPU.Build.0 = Release|Any CPU
		{64ECB659-7517-44ED-9988-1E6A70BD4336}.Debug|Any CPU.ActiveCfg = Debug|Any CPU
		{64ECB659-7517-44ED-9988-1E6A70BD4336}.Debug|Any CPU.Build.0 = Debug|Any CPU
		{64ECB659-7517-44ED-9988-1E6A70BD4336}.Release|Any CPU.ActiveCfg = Release|Any CPU
		{64ECB659-7517-44ED-9988-1E6A70BD4336}.Release|Any CPU.Build.0 = Release|Any CPU
		{FB7AC65C-3212-48F6-A6B1-4FEE0CC40829}.Debug|Any CPU.ActiveCfg = Debug|Any CPU
		{FB7AC65C-3212-48F6-A6B1-4FEE0CC40829}.Debug|Any CPU.Build.0 = Debug|Any CPU
		{FB7AC65C-3212-48F6-A6B1-4FEE0CC40829}.Release|Any CPU.ActiveCfg = Release|Any CPU
		{FB7AC65C-3212-48F6-A6B1-4FEE0CC40829}.Release|Any CPU.Build.0 = Release|Any CPU
		{32470F55-A66B-49BF-8D9C-F045CD87AECA}.Debug|Any CPU.ActiveCfg = Debug|Any CPU
		{32470F55-A66B-49BF-8D9C-F045CD87AECA}.Debug|Any CPU.Build.0 = Debug|Any CPU
		{32470F55-A66B-49BF-8D9C-F045CD87AECA}.Release|Any CPU.ActiveCfg = Release|Any CPU
		{32470F55-A66B-49BF-8D9C-F045CD87AECA}.Release|Any CPU.Build.0 = Release|Any CPU
		{E76C6739-1DB5-460E-B9FF-F86EDEB36F2A}.Debug|Any CPU.ActiveCfg = Debug|Any CPU
		{E76C6739-1DB5-460E-B9FF-F86EDEB36F2A}.Debug|Any CPU.Build.0 = Debug|Any CPU
		{E76C6739-1DB5-460E-B9FF-F86EDEB36F2A}.Release|Any CPU.ActiveCfg = Release|Any CPU
		{E76C6739-1DB5-460E-B9FF-F86EDEB36F2A}.Release|Any CPU.Build.0 = Release|Any CPU
		{D5273664-56AF-4751-A7FF-A8E49526648A}.Debug|Any CPU.ActiveCfg = Debug|Any CPU
		{D5273664-56AF-4751-A7FF-A8E49526648A}.Debug|Any CPU.Build.0 = Debug|Any CPU
		{D5273664-56AF-4751-A7FF-A8E49526648A}.Release|Any CPU.ActiveCfg = Release|Any CPU
		{D5273664-56AF-4751-A7FF-A8E49526648A}.Release|Any CPU.Build.0 = Release|Any CPU
		{B6DE476D-5A61-406E-9F08-91710DE76EB9}.Debug|Any CPU.ActiveCfg = Debug|Any CPU
		{B6DE476D-5A61-406E-9F08-91710DE76EB9}.Debug|Any CPU.Build.0 = Debug|Any CPU
		{B6DE476D-5A61-406E-9F08-91710DE76EB9}.Release|Any CPU.ActiveCfg = Release|Any CPU
		{B6DE476D-5A61-406E-9F08-91710DE76EB9}.Release|Any CPU.Build.0 = Release|Any CPU
		{0CC1948C-0340-4AB4-A69B-677D5CC3075C}.Debug|Any CPU.ActiveCfg = Debug|Any CPU
		{0CC1948C-0340-4AB4-A69B-677D5CC3075C}.Debug|Any CPU.Build.0 = Debug|Any CPU
		{0CC1948C-0340-4AB4-A69B-677D5CC3075C}.Release|Any CPU.ActiveCfg = Release|Any CPU
		{0CC1948C-0340-4AB4-A69B-677D5CC3075C}.Release|Any CPU.Build.0 = Release|Any CPU
		{A88CEBAB-1A2B-45E0-9D76-F3C7CC1378F9}.Debug|Any CPU.ActiveCfg = Debug|Any CPU
		{A88CEBAB-1A2B-45E0-9D76-F3C7CC1378F9}.Debug|Any CPU.Build.0 = Debug|Any CPU
		{A88CEBAB-1A2B-45E0-9D76-F3C7CC1378F9}.Release|Any CPU.ActiveCfg = Release|Any CPU
		{A88CEBAB-1A2B-45E0-9D76-F3C7CC1378F9}.Release|Any CPU.Build.0 = Release|Any CPU
		{E73A2DC3-40CD-4CA4-A7F7-2B8A20BD6CAC}.Debug|Any CPU.ActiveCfg = Debug|Any CPU
		{E73A2DC3-40CD-4CA4-A7F7-2B8A20BD6CAC}.Debug|Any CPU.Build.0 = Debug|Any CPU
		{E73A2DC3-40CD-4CA4-A7F7-2B8A20BD6CAC}.Release|Any CPU.ActiveCfg = Release|Any CPU
		{E73A2DC3-40CD-4CA4-A7F7-2B8A20BD6CAC}.Release|Any CPU.Build.0 = Release|Any CPU
		{AC02CF0F-2DEB-4136-9C4F-94B3EDA7DA8C}.Debug|Any CPU.ActiveCfg = Debug|Any CPU
		{AC02CF0F-2DEB-4136-9C4F-94B3EDA7DA8C}.Debug|Any CPU.Build.0 = Debug|Any CPU
		{AC02CF0F-2DEB-4136-9C4F-94B3EDA7DA8C}.Release|Any CPU.ActiveCfg = Release|Any CPU
		{AC02CF0F-2DEB-4136-9C4F-94B3EDA7DA8C}.Release|Any CPU.Build.0 = Release|Any CPU
	EndGlobalSection
	GlobalSection(NestedProjects) = preSolution
		{1CCD1B5F-DB22-4C90-B5AE-B42164BE44E3} = {6A97A74C-62A5-409A-8FAB-423B908A514B}
		{64ECB659-7517-44ED-9988-1E6A70BD4336} = {6A97A74C-62A5-409A-8FAB-423B908A514B}
		{FB7AC65C-3212-48F6-A6B1-4FEE0CC40829} = {6A97A74C-62A5-409A-8FAB-423B908A514B}
		{32470F55-A66B-49BF-8D9C-F045CD87AECA} = {6A97A74C-62A5-409A-8FAB-423B908A514B}
		{E76C6739-1DB5-460E-B9FF-F86EDEB36F2A} = {6A97A74C-62A5-409A-8FAB-423B908A514B}
		{D5273664-56AF-4751-A7FF-A8E49526648A} = {6A97A74C-62A5-409A-8FAB-423B908A514B}
		{B6DE476D-5A61-406E-9F08-91710DE76EB9} = {6A97A74C-62A5-409A-8FAB-423B908A514B}
		{0CC1948C-0340-4AB4-A69B-677D5CC3075C} = {6A97A74C-62A5-409A-8FAB-423B908A514B}
		{A88CEBAB-1A2B-45E0-9D76-F3C7CC1378F9} = {2A6E22C6-94DA-4554-9C3A-32B4370A4648}
		{E73A2DC3-40CD-4CA4-A7F7-2B8A20BD6CAC} = {6A97A74C-62A5-409A-8FAB-423B908A514B}
		{AC02CF0F-2DEB-4136-9C4F-94B3EDA7DA8C} = {1134A9D6-4D94-4CB5-9B1C-A51E5FC87AE3}
	EndGlobalSection
EndGlobal
